;; Auto-generated by sigil deps install. Do not edit.
(lock
  (package name: "sigil-stdlib"
           url: "codeberg:sigil/sigil"
           ref: "^0.17"
           sha: "61ba6501f4ff5d1fd534c13c4a3494b69cc88412"
           package-selector: "sigil-stdlib"
           version: "0.17.1")
  (package name: "press"
           url: "codeberg:sigil/press"
           ref: "^0.1.0"
           sha: "b1967883931475d42eaf2531b959ad2b7c9e4604"
           package-selector: "press"
           version: "0.1.0")
  (package name: "sigil-ansi"
           url: "codeberg:sigil/sigil"
           ref: "^0.9.0"
           sha: "0123d3fc7d2dd37e5c27e9fade7d11b817deb21a"
           package-selector: "sigil-ansi"
           version: "0.9.2")
  (package name: "sigil-http"
           url: "codeberg:sigil/sigil"
           ref: "^0.9.0"
           sha: "0123d3fc7d2dd37e5c27e9fade7d11b817deb21a"
           package-selector: "sigil-http"
           version: "0.9.2")
  (package name: "sigil-json"
           url: "codeberg:sigil/sigil"
           ref: "^0.9.0"
           sha: "0123d3fc7d2dd37e5c27e9fade7d11b817deb21a"
           package-selector: "sigil-json"
           version: "0.9.2")
  (package name: "sigil-docs"
           url: "codeberg:sigil/sigil"
           ref: "^0.9.0"
           sha: "0123d3fc7d2dd37e5c27e9fade7d11b817deb21a"
           package-selector: "sigil-docs"
           version: "0.9.2")
  (package name: "sigil-args"
           url: "codeberg:sigil/sigil"
           ref: "^0.9.0"
           sha: "0123d3fc7d2dd37e5c27e9fade7d11b817deb21a"
           package-selector: "sigil-args"
           version: "0.9.2")
  (package name: "sigil-sxml"
           url: "codeberg:sigil/sigil-sxml"
           ref: "^0.9.0"
           sha: "081b6337c28d2ae55cd7658002cd6bc5e79ea07b"
           version: "0.9.1")
  (package name: "sigil-markdown"
           url: "codeberg:sigil/sigil-markdown"
           ref: "^0.9.0"
           sha: "20e0de7bae49cda15e4b147f87968b0442caa75c"
           version: "0.9.1")
  (package name: "sigil-fp"
           url: "codeberg:sigil/sigil-fp"
           ref: "^0.9.0"
           sha: "dcbe5e19c7d5adbe41666ed24f7f99e0dd6f6c57"
           version: "0.9.1")
  (package name: "sigil-css"
           url: "codeberg:sigil/sigil-css"
           ref: "^0.9.0"
           sha: "df075c3b938295c300ab090cf4bed90596967f2c"
           version: "0.9.1")
  (package name: "sigil-peg"
           url: "codeberg:sigil/sigil-peg"
           ref: "^0.9.0"
           sha: "2a0adbd32b13fb835cf021a8e279341161a77436"
           version: "0.9.1")
)
